
Microsoft Visual Studio Solution File, Format Version 12.00
# Visual Studio Version 17
VisualStudioVersion = 17.0.31919.166
MinimumVisualStudioVersion = 10.0.40219.1
Project("{FAE04EC0-301F-11D3-BF4B-00C04F79EFBC}") = "BT4", "BT4\BT4.csproj", "{963710D9-1224-4E5D-8D93-04F940246DB3}"
EndProject
Global
	GlobalSection(SolutionConfigurationPlatforms) = preSolution
		Debug|Any CPU = Debug|Any CPU
		Release|Any CPU = Release|Any CPU
	EndGlobalSection
	GlobalSection(ProjectConfigurationPlatforms) = postSolution
		{963710D9-1224-4E5D-8D93-04F940246DB3}.Debug|Any CPU.ActiveCfg = Debug|Any CPU
		{963710D9-1224-4E5D-8D93-04F940246DB3}.Debug|Any CPU.Build.0 = Debug|Any CPU
		{963710D9-1224-4E5D-8D93-04F940246DB3}.Release|Any CPU.ActiveCfg = Release|Any CPU
		{963710D9-1224-4E5D-8D93-04F940246DB3}.Release|Any CPU.Build.0 = Release|Any CPU
	EndGlobalSection
	GlobalSection(SolutionProperties) = preSolution
		HideSolutionNode = FALSE
	EndGlobalSection
	GlobalSection(ExtensibilityGlobals) = postSolution
		SolutionGuid = {097E18D0-B992-442E-A66F-A83A8A19D4F8}
	EndGlobalSection
EndGlobal
