
Microsoft Visual Studio Solution File, Format Version 12.00
# Visual Studio Version 17
VisualStudioVersion = 17.0.31903.59
MinimumVisualStudioVersion = 10.0.40219.1
Project("{FAE04EC0-301F-11D3-BF4B-00C04F79EFBC}") = "BT2", "BT2\BT2.csproj", "{207FCB7C-8366-4D57-90F6-F31C1562DB82}"
EndProject
Global
	GlobalSection(SolutionConfigurationPlatforms) = preSolution
		Debug|Any CPU = Debug|Any CPU
		Release|Any CPU = Release|Any CPU
	EndGlobalSection
	GlobalSection(ProjectConfigurationPlatforms) = postSolution
		{207FCB7C-8366-4D57-90F6-F31C1562DB82}.Debug|Any CPU.ActiveCfg = Debug|Any CPU
		{207FCB7C-8366-4D57-90F6-F31C1562DB82}.Debug|Any CPU.Build.0 = Debug|Any CPU
		{207FCB7C-8366-4D57-90F6-F31C1562DB82}.Release|Any CPU.ActiveCfg = Release|Any CPU
		{207FCB7C-8366-4D57-90F6-F31C1562DB82}.Release|Any CPU.Build.0 = Release|Any CPU
	EndGlobalSection
	GlobalSection(SolutionProperties) = preSolution
		HideSolutionNode = FALSE
	EndGlobalSection
	GlobalSection(ExtensibilityGlobals) = postSolution
		SolutionGuid = {92E19BF6-57FB-4006-8218-C6F39436159A}
	EndGlobalSection
EndGlobal
